# THIS IS AN AUTOGENERATED FILE. DO NOT EDIT THIS FILE DIRECTLY.
# yarn lockfile v1


"@use-it/event-listener@^0.1.2":
  version "0.1.6"
  resolved "https://registry.yarnpkg.com/@use-it/event-listener/-/event-listener-0.1.6.tgz#5776274fec72f3f25af9ead1898e7f45bc435812"
  integrity sha512-e6V7vbU8xpuqy4GZkTLExHffOFgxmGHo3kNWnlhzM/zcX2v+idbD/HaJ9sKdQMgTh+L7MIhdRDXGX3SdAViZzA==

use-persisted-state@^0.3.3:
  version "0.3.3"
  resolved "https://registry.yarnpkg.com/use-persisted-state/-/use-persisted-state-0.3.3.tgz#5e0f2236967cec7c34de33abc07ae6818e7c7451"
  integrity sha512-pCNlvYC8+XjRxwnIut4teGC9f2p9aD88R8OGseQGZa2dvqG/h1vEGk1vRE1IZG0Vf161UDpn+NlW4+UGubQflQ==
  dependencies:
    "@use-it/event-listener" "^0.1.2"
